
Microsoft Visual Studio Solution File, Format Version 12.00
# Visual Studio Version 17
VisualStudioVersion = 17.3.32922.545
MinimumVisualStudioVersion = 10.0.40219.1
Project("{FAE04EC0-301F-11D3-BF4B-00C04F79EFBC}") = "EAEmployeeTest", "EAEmployeeTest\EAEmployeeTest.csproj", "{BBE11A04-0BBA-457F-8A98-334CF4F6EA8A}"
EndProject
Project("{FAE04EC0-301F-11D3-BF4B-00C04F79EFBC}") = "EAAutoFramework2", "EAAutoFramework2\EAAutoFramework2.csproj", "{114026DF-76AD-40EB-A182-11C81F9104D7}"
EndProject
Global
	GlobalSection(SolutionConfigurationPlatforms) = preSolution
		Debug|Any CPU = Debug|Any CPU
		Release|Any CPU = Release|Any CPU
	EndGlobalSection
	GlobalSection(ProjectConfigurationPlatforms) = postSolution
		{BBE11A04-0BBA-457F-8A98-334CF4F6EA8A}.Debug|Any CPU.ActiveCfg = Debug|Any CPU
		{BBE11A04-0BBA-457F-8A98-334CF4F6EA8A}.Debug|Any CPU.Build.0 = Debug|Any CPU
		{BBE11A04-0BBA-457F-8A98-334CF4F6EA8A}.Release|Any CPU.ActiveCfg = Release|Any CPU
		{BBE11A04-0BBA-457F-8A98-334CF4F6EA8A}.Release|Any CPU.Build.0 = Release|Any CPU
		{114026DF-76AD-40EB-A182-11C81F9104D7}.Debug|Any CPU.ActiveCfg = Debug|Any CPU
		{114026DF-76AD-40EB-A182-11C81F9104D7}.Debug|Any CPU.Build.0 = Debug|Any CPU
		{114026DF-76AD-40EB-A182-11C81F9104D7}.Release|Any CPU.ActiveCfg = Release|Any CPU
		{114026DF-76AD-40EB-A182-11C81F9104D7}.Release|Any CPU.Build.0 = Release|Any CPU
	EndGlobalSection
	GlobalSection(SolutionProperties) = preSolution
		HideSolutionNode = FALSE
	EndGlobalSection
	GlobalSection(ExtensibilityGlobals) = postSolution
		SolutionGuid = {197B16DF-68AA-4E62-8469-C489C9EA0518}
	EndGlobalSection
EndGlobal
